
Microsoft Visual Studio Solution File, Format Version 12.00
# Visual Studio Version 17
VisualStudioVersion = 17.2.32630.192
MinimumVisualStudioVersion = 10.0.40219.1
Project("{FAE04EC0-301F-11D3-BF4B-00C04F79EFBC}") = "ColorSwitcher.UWP", "ColorSwitcher\ColorSwitcher.UWP\ColorSwitcher.UWP.csproj", "{10F1B89C-B91F-4605-868A-C9D62B044239}"
EndProject
Project("{FAE04EC0-301F-11D3-BF4B-00C04F79EFBC}") = "ColorSwitcher.Android", "ColorSwitcher\ColorSwitcher.Android\ColorSwitcher.Android.csproj", "{CDDD4E61-22E1-412C-8D5E-F545763FB226}"
EndProject
Project("{FAE04EC0-301F-11D3-BF4B-00C04F79EFBC}") = "ColorSwitcher.iOS", "ColorSwitcher\ColorSwitcher.iOS\ColorSwitcher.iOS.csproj", "{595CAB34-E8F7-4A25-8B34-D729B26C40DB}"
EndProject
Project("{FAE04EC0-301F-11D3-BF4B-00C04F79EFBC}") = "ColorSwitcher", "ColorSwitcher\ColorSwitcher\ColorSwitcher.csproj", "{686B2042-C75B-46CE-88F8-3B668BA0E0D0}"
EndProject
Global
	GlobalSection(SolutionConfigurationPlatforms) = preSolution
		Debug|Any CPU = Debug|Any CPU
		Debug|ARM = Debug|ARM
		Debug|iPhone = Debug|iPhone
		Debug|iPhoneSimulator = Debug|iPhoneSimulator
		Debug|x64 = Debug|x64
		Debug|x86 = Debug|x86
		Release|Any CPU = Release|Any CPU
		Release|ARM = Release|ARM
		Release|iPhone = Release|iPhone
		Release|iPhoneSimulator = Release|iPhoneSimulator
		Release|x64 = Release|x64
		Release|x86 = Release|x86
	EndGlobalSection
	GlobalSection(ProjectConfigurationPlatforms) = postSolution
		{10F1B89C-B91F-4605-868A-C9D62B044239}.Debug|Any CPU.ActiveCfg = Debug|x64
		{10F1B89C-B91F-4605-868A-C9D62B044239}.Debug|Any CPU.Build.0 = Debug|x64
		{10F1B89C-B91F-4605-868A-C9D62B044239}.Debug|Any CPU.Deploy.0 = Debug|x64
		{10F1B89C-B91F-4605-868A-C9D62B044239}.Debug|ARM.ActiveCfg = Debug|ARM
		{10F1B89C-B91F-4605-868A-C9D62B044239}.Debug|ARM.Build.0 = Debug|ARM
		{10F1B89C-B91F-4605-868A-C9D62B044239}.Debug|ARM.Deploy.0 = Debug|ARM
		{10F1B89C-B91F-4605-868A-C9D62B044239}.Debug|iPhone.ActiveCfg = Debug|x64
		{10F1B89C-B91F-4605-868A-C9D62B044239}.Debug|iPhone.Build.0 = Debug|x64
		{10F1B89C-B91F-4605-868A-C9D62B044239}.Debug|iPhone.Deploy.0 = Debug|x64
		{10F1B89C-B91F-4605-868A-C9D62B044239}.Debug|iPhoneSimulator.ActiveCfg = Debug|x64
		{10F1B89C-B91F-4605-868A-C9D62B044239}.Debug|iPhoneSimulator.Build.0 = Debug|x64
		{10F1B89C-B91F-4605-868A-C9D62B044239}.Debug|iPhoneSimulator.Deploy.0 = Debug|x64
		{10F1B89C-B91F-4605-868A-C9D62B044239}.Debug|x64.ActiveCfg = Debug|x64
		{10F1B89C-B91F-4605-868A-C9D62B044239}.Debug|x64.Build.0 = Debug|x64
		{10F1B89C-B91F-4605-868A-C9D62B044239}.Debug|x64.Deploy.0 = Debug|x64
		{10F1B89C-B91F-4605-868A-C9D62B044239}.Debug|x86.ActiveCfg = Debug|x86
		{10F1B89C-B91F-4605-868A-C9D62B044239}.Debug|x86.Build.0 = Debug|x86
		{10F1B89C-B91F-4605-868A-C9D62B044239}.Debug|x86.Deploy.0 = Debug|x86
		{10F1B89C-B91F-4605-868A-C9D62B044239}.Release|Any CPU.ActiveCfg = Release|x64
		{10F1B89C-B91F-4605-868A-C9D62B044239}.Release|Any CPU.Build.0 = Release|x64
		{10F1B89C-B91F-4605-868A-C9D62B044239}.Release|Any CPU.Deploy.0 = Release|x64
		{10F1B89C-B91F-4605-868A-C9D62B044239}.Release|ARM.ActiveCfg = Release|ARM
		{10F1B89C-B91F-4605-868A-C9D62B044239}.Release|ARM.Build.0 = Release|ARM
		{10F1B89C-B91F-4605-868A-C9D62B044239}.Release|ARM.Deploy.0 = Release|ARM
		{10F1B89C-B91F-4605-868A-C9D62B044239}.Release|iPhone.ActiveCfg = Release|x64
		{10F1B89C-B91F-4605-868A-C9D62B044239}.Release|iPhone.Build.0 = Release|x64
		{10F1B89C-B91F-4605-868A-C9D62B044239}.Release|iPhone.Deploy.0 = Release|x64
		{10F1B89C-B91F-4605-868A-C9D62B044239}.Release|iPhoneSimulator.ActiveCfg = Release|x64
		{10F1B89C-B91F-4605-868A-C9D62B044239}.Release|iPhoneSimulator.Build.0 = Release|x64
		{10F1B89C-B91F-4605-868A-C9D62B044239}.Release|iPhoneSimulator.Deploy.0 = Release|x64
		{10F1B89C-B91F-4605-868A-C9D62B044239}.Release|x64.ActiveCfg = Release|x64
		{10F1B89C-B91F-4605-868A-C9D62B044239}.Release|x64.Build.0 = Release|x64
		{10F1B89C-B91F-4605-868A-C9D62B044239}.Release|x64.Deploy.0 = Release|x64
		{10F1B89C-B91F-4605-868A-C9D62B044239}.Release|x86.ActiveCfg = Release|x86
		{10F1B89C-B91F-4605-868A-C9D62B044239}.Release|x86.Build.0 = Release|x86
		{10F1B89C-B91F-4605-868A-C9D62B044239}.Release|x86.Deploy.0 = Release|x86
		{CDDD4E61-22E1-412C-8D5E-F545763FB226}.Debug|Any CPU.ActiveCfg = Debug|Any CPU
		{CDDD4E61-22E1-412C-8D5E-F545763FB226}.Debug|Any CPU.Build.0 = Debug|Any CPU
		{CDDD4E61-22E1-412C-8D5E-F545763FB226}.Debug|Any CPU.Deploy.0 = Debug|Any CPU
		{CDDD4E61-22E1-412C-8D5E-F545763FB226}.Debug|ARM.ActiveCfg = Debug|Any CPU
		{CDDD4E61-22E1-412C-8D5E-F545763FB226}.Debug|ARM.Build.0 = Debug|Any CPU
		{CDDD4E61-22E1-412C-8D5E-F545763FB226}.Debug|ARM.Deploy.0 = Debug|Any CPU
		{CDDD4E61-22E1-412C-8D5E-F545763FB226}.Debug|iPhone.ActiveCfg = Debug|Any CPU
		{CDDD4E61-22E1-412C-8D5E-F545763FB226}.Debug|iPhone.Build.0 = Debug|Any CPU
		{CDDD4E61-22E1-412C-8D5E-F545763FB226}.Debug|iPhone.Deploy.0 = Debug|Any CPU
		{CDDD4E61-22E1-412C-8D5E-F545763FB226}.Debug|iPhoneSimulator.ActiveCfg = Debug|Any CPU
		{CDDD4E61-22E1-412C-8D5E-F545763FB226}.Debug|iPhoneSimulator.Build.0 = Debug|Any CPU
		{CDDD4E61-22E1-412C-8D5E-F545763FB226}.Debug|iPhoneSimulator.Deploy.0 = Debug|Any CPU
		{CDDD4E61-22E1-412C-8D5E-F545763FB226}.Debug|x64.ActiveCfg = Debug|Any CPU
		{CDDD4E61-22E1-412C-8D5E-F545763FB226}.Debug|x64.Build.0 = Debug|Any CPU
		{CDDD4E61-22E1-412C-8D5E-F545763FB226}.Debug|x64.Deploy.0 = Debug|Any CPU
		{CDDD4E61-22E1-412C-8D5E-F545763FB226}.Debug|x86.ActiveCfg = Debug|Any CPU
		{CDDD4E61-22E1-412C-8D5E-F545763FB226}.Debug|x86.Build.0 = Debug|Any CPU
		{CDDD4E61-22E1-412C-8D5E-F545763FB226}.Debug|x86.Deploy.0 = Debug|Any CPU
		{CDDD4E61-22E1-412C-8D5E-F545763FB226}.Release|Any CPU.ActiveCfg = Release|Any CPU
		{CDDD4E61-22E1-412C-8D5E-F545763FB226}.Release|Any CPU.Build.0 = Release|Any CPU
		{CDDD4E61-22E1-412C-8D5E-F545763FB226}.Release|Any CPU.Deploy.0 = Release|Any CPU
		{CDDD4E61-22E1-412C-8D5E-F545763FB226}.Release|ARM.ActiveCfg = Release|Any CPU
		{CDDD4E61-22E1-412C-8D5E-F545763FB226}.Release|ARM.Build.0 = Release|Any CPU
		{CDDD4E61-22E1-412C-8D5E-F545763FB226}.Release|ARM.Deploy.0 = Release|Any CPU
		{CDDD4E61-22E1-412C-8D5E-F545763FB226}.Release|iPhone.ActiveCfg = Release|Any CPU
		{CDDD4E61-22E1-412C-8D5E-F545763FB226}.Release|iPhone.Build.0 = Release|Any CPU
		{CDDD4E61-22E1-412C-8D5E-F545763FB226}.Release|iPhone.Deploy.0 = Release|Any CPU
		{CDDD4E61-22E1-412C-8D5E-F545763FB226}.Release|iPhoneSimulator.ActiveCfg = Release|Any CPU
		{CDDD4E61-22E1-412C-8D5E-F545763FB226}.Release|iPhoneSimulator.Build.0 = Release|Any CPU
		{CDDD4E61-22E1-412C-8D5E-F545763FB226}.Release|iPhoneSimulator.Deploy.0 = Release|Any CPU
		{CDDD4E61-22E1-412C-8D5E-F545763FB226}.Release|x64.ActiveCfg = Release|Any CPU
		{CDDD4E61-22E1-412C-8D5E-F545763FB226}.Release|x64.Build.0 = Release|Any CPU
		{CDDD4E61-22E1-412C-8D5E-F545763FB226}.Release|x64.Deploy.0 = Release|Any CPU
		{CDDD4E61-22E1-412C-8D5E-F545763FB226}.Release|x86.ActiveCfg = Release|Any CPU
		{CDDD4E61-22E1-412C-8D5E-F545763FB226}.Release|x86.Build.0 = Release|Any CPU
		{CDDD4E61-22E1-412C-8D5E-F545763FB226}.Release|x86.Deploy.0 = Release|Any CPU
		{595CAB34-E8F7-4A25-8B34-D729B26C40DB}.Debug|Any CPU.ActiveCfg = Debug|iPhoneSimulator
		{595CAB34-E8F7-4A25-8B34-D729B26C40DB}.Debug|Any CPU.Build.0 = Debug|iPhoneSimulator
		{595CAB34-E8F7-4A25-8B34-D729B26C40DB}.Debug|Any CPU.Deploy.0 = Debug|iPhoneSimulator
		{595CAB34-E8F7-4A25-8B34-D729B26C40DB}.Debug|ARM.ActiveCfg = Debug|iPhoneSimulator
		{595CAB34-E8F7-4A25-8B34-D729B26C40DB}.Debug|ARM.Build.0 = Debug|iPhoneSimulator
		{595CAB34-E8F7-4A25-8B34-D729B26C40DB}.Debug|ARM.Deploy.0 = Debug|iPhoneSimulator
		{595CAB34-E8F7-4A25-8B34-D729B26C40DB}.Debug|iPhone.ActiveCfg = Debug|iPhone
		{595CAB34-E8F7-4A25-8B34-D729B26C40DB}.Debug|iPhone.Build.0 = Debug|iPhone
		{595CAB34-E8F7-4A25-8B34-D729B26C40DB}.Debug|iPhone.Deploy.0 = Debug|iPhone
		{595CAB34-E8F7-4A25-8B34-D729B26C40DB}.Debug|iPhoneSimulator.ActiveCfg = Debug|iPhoneSimulator
		{595CAB34-E8F7-4A25-8B34-D729B26C40DB}.Debug|iPhoneSimulator.Build.0 = Debug|iPhoneSimulator
		{595CAB34-E8F7-4A25-8B34-D729B26C40DB}.Debug|iPhoneSimulator.Deploy.0 = Debug|iPhoneSimulator
		{595CAB34-E8F7-4A25-8B34-D729B26C40DB}.Debug|x64.ActiveCfg = Debug|iPhone
		{595CAB34-E8F7-4A25-8B34-D729B26C40DB}.Debug|x64.Build.0 = Debug|iPhone
		{595CAB34-E8F7-4A25-8B34-D729B26C40DB}.Debug|x64.Deploy.0 = Debug|iPhone
		{595CAB34-E8F7-4A25-8B34-D729B26C40DB}.Debug|x86.ActiveCfg = Debug|iPhoneSimulator
		{595CAB34-E8F7-4A25-8B34-D729B26C40DB}.Debug|x86.Build.0 = Debug|iPhoneSimulator
		{595CAB34-E8F7-4A25-8B34-D729B26C40DB}.Debug|x86.Deploy.0 = Debug|iPhoneSimulator
		{595CAB34-E8F7-4A25-8B34-D729B26C40DB}.Release|Any CPU.ActiveCfg = Release|iPhoneSimulator
		{595CAB34-E8F7-4A25-8B34-D729B26C40DB}.Release|Any CPU.Build.0 = Release|iPhoneSimulator
		{595CAB34-E8F7-4A25-8B34-D729B26C40DB}.Release|Any CPU.Deploy.0 = Release|iPhoneSimulator
		{595CAB34-E8F7-4A25-8B34-D729B26C40DB}.Release|ARM.ActiveCfg = Release|iPhoneSimulator
		{595CAB34-E8F7-4A25-8B34-D729B26C40DB}.Release|ARM.Build.0 = Release|iPhoneSimulator
		{595CAB34-E8F7-4A25-8B34-D729B26C40DB}.Release|ARM.Deploy.0 = Release|iPhoneSimulator
		{595CAB34-E8F7-4A25-8B34-D729B26C40DB}.Release|iPhone.ActiveCfg = Release|iPhone
		{595CAB34-E8F7-4A25-8B34-D729B26C40DB}.Release|iPhone.Build.0 = Release|iPhone
		{595CAB34-E8F7-4A25-8B34-D729B26C40DB}.Release|iPhone.Deploy.0 = Release|iPhone
		{595CAB34-E8F7-4A25-8B34-D729B26C40DB}.Release|iPhoneSimulator.ActiveCfg = Release|iPhoneSimulator
		{595CAB34-E8F7-4A25-8B34-D729B26C40DB}.Release|iPhoneSimulator.Build.0 = Release|iPhoneSimulator
		{595CAB34-E8F7-4A25-8B34-D729B26C40DB}.Release|iPhoneSimulator.Deploy.0 = Release|iPhoneSimulator
		{595CAB34-E8F7-4A25-8B34-D729B26C40DB}.Release|x64.ActiveCfg = Release|iPhoneSimulator
		{595CAB34-E8F7-4A25-8B34-D729B26C40DB}.Release|x64.Build.0 = Release|iPhoneSimulator
		{595CAB34-E8F7-4A25-8B34-D729B26C40DB}.Release|x64.Deploy.0 = Release|iPhoneSimulator
		{595CAB34-E8F7-4A25-8B34-D729B26C40DB}.Release|x86.ActiveCfg = Release|iPhoneSimulator
		{595CAB34-E8F7-4A25-8B34-D729B26C40DB}.Release|x86.Build.0 = Release|iPhoneSimulator
		{595CAB34-E8F7-4A25-8B34-D729B26C40DB}.Release|x86.Deploy.0 = Release|iPhoneSimulator
		{686B2042-C75B-46CE-88F8-3B668BA0E0D0}.Debug|Any CPU.ActiveCfg = Debug|Any CPU
		{686B2042-C75B-46CE-88F8-3B668BA0E0D0}.Debug|Any CPU.Build.0 = Debug|Any CPU
		{686B2042-C75B-46CE-88F8-3B668BA0E0D0}.Debug|Any CPU.Deploy.0 = Debug|Any CPU
		{686B2042-C75B-46CE-88F8-3B668BA0E0D0}.Debug|ARM.ActiveCfg = Debug|Any CPU
		{686B2042-C75B-46CE-88F8-3B668BA0E0D0}.Debug|ARM.Build.0 = Debug|Any CPU
		{686B2042-C75B-46CE-88F8-3B668BA0E0D0}.Debug|ARM.Deploy.0 = Debug|Any CPU
		{686B2042-C75B-46CE-88F8-3B668BA0E0D0}.Debug|iPhone.ActiveCfg = Debug|Any CPU
		{686B2042-C75B-46CE-88F8-3B668BA0E0D0}.Debug|iPhone.Build.0 = Debug|Any CPU
		{686B2042-C75B-46CE-88F8-3B668BA0E0D0}.Debug|iPhone.Deploy.0 = Debug|Any CPU
		{686B2042-C75B-46CE-88F8-3B668BA0E0D0}.Debug|iPhoneSimulator.ActiveCfg = Debug|Any CPU
		{686B2042-C75B-46CE-88F8-3B668BA0E0D0}.Debug|iPhoneSimulator.Build.0 = Debug|Any CPU
		{686B2042-C75B-46CE-88F8-3B668BA0E0D0}.Debug|iPhoneSimulator.Deploy.0 = Debug|Any CPU
		{686B2042-C75B-46CE-88F8-3B668BA0E0D0}.Debug|x64.ActiveCfg = Debug|Any CPU
		{686B2042-C75B-46CE-88F8-3B668BA0E0D0}.Debug|x64.Build.0 = Debug|Any CPU
		{686B2042-C75B-46CE-88F8-3B668BA0E0D0}.Debug|x64.Deploy.0 = Debug|Any CPU
		{686B2042-C75B-46CE-88F8-3B668BA0E0D0}.Debug|x86.ActiveCfg = Debug|Any CPU
		{686B2042-C75B-46CE-88F8-3B668BA0E0D0}.Debug|x86.Build.0 = Debug|Any CPU
		{686B2042-C75B-46CE-88F8-3B668BA0E0D0}.Debug|x86.Deploy.0 = Debug|Any CPU
		{686B2042-C75B-46CE-88F8-3B668BA0E0D0}.Release|Any CPU.ActiveCfg = Release|Any CPU
		{686B2042-C75B-46CE-88F8-3B668BA0E0D0}.Release|Any CPU.Build.0 = Release|Any CPU
		{686B2042-C75B-46CE-88F8-3B668BA0E0D0}.Release|Any CPU.Deploy.0 = Release|Any CPU
		{686B2042-C75B-46CE-88F8-3B668BA0E0D0}.Release|ARM.ActiveCfg = Release|Any CPU
		{686B2042-C75B-46CE-88F8-3B668BA0E0D0}.Release|ARM.Build.0 = Release|Any CPU
		{686B2042-C75B-46CE-88F8-3B668BA0E0D0}.Release|ARM.Deploy.0 = Release|Any CPU
		{686B2042-C75B-46CE-88F8-3B668BA0E0D0}.Release|iPhone.ActiveCfg = Release|Any CPU
		{686B2042-C75B-46CE-88F8-3B668BA0E0D0}.Release|iPhone.Build.0 = Release|Any CPU
		{686B2042-C75B-46CE-88F8-3B668BA0E0D0}.Release|iPhone.Deploy.0 = Release|Any CPU
		{686B2042-C75B-46CE-88F8-3B668BA0E0D0}.Release|iPhoneSimulator.ActiveCfg = Release|Any CPU
		{686B2042-C75B-46CE-88F8-3B668BA0E0D0}.Release|iPhoneSimulator.Build.0 = Release|Any CPU
		{686B2042-C75B-46CE-88F8-3B668BA0E0D0}.Release|iPhoneSimulator.Deploy.0 = Release|Any CPU
		{686B2042-C75B-46CE-88F8-3B668BA0E0D0}.Release|x64.ActiveCfg = Release|Any CPU
		{686B2042-C75B-46CE-88F8-3B668BA0E0D0}.Release|x64.Build.0 = Release|Any CPU
		{686B2042-C75B-46CE-88F8-3B668BA0E0D0}.Release|x64.Deploy.0 = Release|Any CPU
		{686B2042-C75B-46CE-88F8-3B668BA0E0D0}.Release|x86.ActiveCfg = Release|Any CPU
		{686B2042-C75B-46CE-88F8-3B668BA0E0D0}.Release|x86.Build.0 = Release|Any CPU
		{686B2042-C75B-46CE-88F8-3B668BA0E0D0}.Release|x86.Deploy.0 = Release|Any CPU
	EndGlobalSection
	GlobalSection(SolutionProperties) = preSolution
		HideSolutionNode = FALSE
	EndGlobalSection
	GlobalSection(ExtensibilityGlobals) = postSolution
		SolutionGuid = {CE4DD0B7-5CE5-45A5-B275-5E82CFD5A204}
	EndGlobalSection
EndGlobal
